
Microsoft Visual Studio Solution File, Format Version 12.00
# Visual Studio Version 16
VisualStudioVersion = 25.0.1700.0
MinimumVisualStudioVersion = 10.0.40219.1
Project("{FAE04EC0-301F-11D3-BF4B-00C04F79EFBC}") = "Project1", "Project1.csproj", "{61BC8677-0344-47C7-B9CE-DF0130CB91D2}"
EndProject
Global
	GlobalSection(SolutionConfigurationPlatforms) = preSolution
		Debug|Any CPU = Debug|Any CPU
		Release|Any CPU = Release|Any CPU
	EndGlobalSection
	GlobalSection(ProjectConfigurationPlatforms) = postSolution
		{61BC8677-0344-47C7-B9CE-DF0130CB91D2}.Debug|Any CPU.ActiveCfg = Debug|Any CPU
		{61BC8677-0344-47C7-B9CE-DF0130CB91D2}.Debug|Any CPU.Build.0 = Debug|Any CPU
		{61BC8677-0344-47C7-B9CE-DF0130CB91D2}.Release|Any CPU.ActiveCfg = Release|Any CPU
		{61BC8677-0344-47C7-B9CE-DF0130CB91D2}.Release|Any CPU.Build.0 = Release|Any CPU
	EndGlobalSection
	GlobalSection(SolutionProperties) = preSolution
		HideSolutionNode = FALSE
	EndGlobalSection
	GlobalSection(ExtensibilityGlobals) = postSolution
		SolutionGuid = {C3B6698C-0F43-46D1-B4D9-7407F003055F}
	EndGlobalSection
EndGlobal
